
Microsoft Visual Studio Solution File, Format Version 12.00
# Visual Studio Version 17
VisualStudioVersion = 17.9.34902.65
MinimumVisualStudioVersion = 10.0.40219.1
Project("{FAE04EC0-301F-11D3-BF4B-00C04F79EFBC}") = "YahyaFarms.Models", "YahyaFarms.Models\YahyaFarms.Models.csproj", "{6BBFBB25-80EE-44D0-8900-729B0EEBA031}"
EndProject
Project("{FAE04EC0-301F-11D3-BF4B-00C04F79EFBC}") = "YahyaFarms.DBContext", "YahyaFarms.DBContext\YahyaFarms.DBContext.csproj", "{A9DC09CD-4B6A-4B0C-ACC7-99BD26FAB64A}"
EndProject
Project("{FAE04EC0-301F-11D3-BF4B-00C04F79EFBC}") = "YahyaFarms.Web", "YahyaFarms.Web\YahyaFarms.Web.csproj", "{B6C9AA37-9723-4099-936A-FFFC699132D9}"
EndProject
Global
	GlobalSection(SolutionConfigurationPlatforms) = preSolution
		Debug|Any CPU = Debug|Any CPU
		Release|Any CPU = Release|Any CPU
	EndGlobalSection
	GlobalSection(ProjectConfigurationPlatforms) = postSolution
		{6BBFBB25-80EE-44D0-8900-729B0EEBA031}.Debug|Any CPU.ActiveCfg = Debug|Any CPU
		{6BBFBB25-80EE-44D0-8900-729B0EEBA031}.Debug|Any CPU.Build.0 = Debug|Any CPU
		{6BBFBB25-80EE-44D0-8900-729B0EEBA031}.Release|Any CPU.ActiveCfg = Release|Any CPU
		{6BBFBB25-80EE-44D0-8900-729B0EEBA031}.Release|Any CPU.Build.0 = Release|Any CPU
		{A9DC09CD-4B6A-4B0C-ACC7-99BD26FAB64A}.Debug|Any CPU.ActiveCfg = Debug|Any CPU
		{A9DC09CD-4B6A-4B0C-ACC7-99BD26FAB64A}.Debug|Any CPU.Build.0 = Debug|Any CPU
		{A9DC09CD-4B6A-4B0C-ACC7-99BD26FAB64A}.Release|Any CPU.ActiveCfg = Release|Any CPU
		{A9DC09CD-4B6A-4B0C-ACC7-99BD26FAB64A}.Release|Any CPU.Build.0 = Release|Any CPU
		{B6C9AA37-9723-4099-936A-FFFC699132D9}.Debug|Any CPU.ActiveCfg = Debug|Any CPU
		{B6C9AA37-9723-4099-936A-FFFC699132D9}.Debug|Any CPU.Build.0 = Debug|Any CPU
		{B6C9AA37-9723-4099-936A-FFFC699132D9}.Release|Any CPU.ActiveCfg = Release|Any CPU
		{B6C9AA37-9723-4099-936A-FFFC699132D9}.Release|Any CPU.Build.0 = Release|Any CPU
	EndGlobalSection
	GlobalSection(SolutionProperties) = preSolution
		HideSolutionNode = FALSE
	EndGlobalSection
	GlobalSection(ExtensibilityGlobals) = postSolution
		SolutionGuid = {2AADFC0C-66C8-4463-B36B-83F9B0BB8BA8}
	EndGlobalSection
EndGlobal
